
Microsoft Visual Studio Solution File, Format Version 12.00
# Visual Studio Version 17
VisualStudioVersion = 17.8.34309.116
MinimumVisualStudioVersion = 10.0.40219.1
Project("{FAE04EC0-301F-11D3-BF4B-00C04F79EFBC}") = "Sugarbakers", "Sugarbakers.csproj", "{926DAFC3-29DF-448B-B627-4498AFDE6979}"
EndProject
Global
	GlobalSection(SolutionConfigurationPlatforms) = preSolution
		Debug|Any CPU = Debug|Any CPU
		Release|Any CPU = Release|Any CPU
	EndGlobalSection
	GlobalSection(ProjectConfigurationPlatforms) = postSolution
		{926DAFC3-29DF-448B-B627-4498AFDE6979}.Debug|Any CPU.ActiveCfg = Debug|Any CPU
		{926DAFC3-29DF-448B-B627-4498AFDE6979}.Debug|Any CPU.Build.0 = Debug|Any CPU
		{926DAFC3-29DF-448B-B627-4498AFDE6979}.Release|Any CPU.ActiveCfg = Release|Any CPU
		{926DAFC3-29DF-448B-B627-4498AFDE6979}.Release|Any CPU.Build.0 = Release|Any CPU
	EndGlobalSection
	GlobalSection(SolutionProperties) = preSolution
		HideSolutionNode = FALSE
	EndGlobalSection
	GlobalSection(ExtensibilityGlobals) = postSolution
		SolutionGuid = {F4CA1B63-13BE-428E-A902-C8865A0137CA}
	EndGlobalSection
EndGlobal
